
Microsoft Visual Studio Solution File, Format Version 12.00
# Visual Studio 15
VisualStudioVersion = 15.0.28307.1525
MinimumVisualStudioVersion = 10.0.40219.1
Project("{FAE04EC0-301F-11D3-BF4B-00C04F79EFBC}") = "Q01", "Q01\Q01.csproj", "{2DB0C916-3F53-411D-8EE8-C3B8378FE308}"
EndProject
Project("{FAE04EC0-301F-11D3-BF4B-00C04F79EFBC}") = "Q01.Test", "Q01.Test\Q01.Test.csproj", "{8FCC9BED-C4FE-4521-8B12-D0083A8B3A9B}"
EndProject
Global
	GlobalSection(SolutionConfigurationPlatforms) = preSolution
		Debug|Any CPU = Debug|Any CPU
		Release|Any CPU = Release|Any CPU
	EndGlobalSection
	GlobalSection(ProjectConfigurationPlatforms) = postSolution
		{2DB0C916-3F53-411D-8EE8-C3B8378FE308}.Debug|Any CPU.ActiveCfg = Debug|Any CPU
		{2DB0C916-3F53-411D-8EE8-C3B8378FE308}.Debug|Any CPU.Build.0 = Debug|Any CPU
		{2DB0C916-3F53-411D-8EE8-C3B8378FE308}.Release|Any CPU.ActiveCfg = Release|Any CPU
		{2DB0C916-3F53-411D-8EE8-C3B8378FE308}.Release|Any CPU.Build.0 = Release|Any CPU
		{8FCC9BED-C4FE-4521-8B12-D0083A8B3A9B}.Debug|Any CPU.ActiveCfg = Debug|Any CPU
		{8FCC9BED-C4FE-4521-8B12-D0083A8B3A9B}.Debug|Any CPU.Build.0 = Debug|Any CPU
		{8FCC9BED-C4FE-4521-8B12-D0083A8B3A9B}.Release|Any CPU.ActiveCfg = Release|Any CPU
		{8FCC9BED-C4FE-4521-8B12-D0083A8B3A9B}.Release|Any CPU.Build.0 = Release|Any CPU
	EndGlobalSection
	GlobalSection(SolutionProperties) = preSolution
		HideSolutionNode = FALSE
	EndGlobalSection
	GlobalSection(ExtensibilityGlobals) = postSolution
		SolutionGuid = {22AEC7CE-ED3A-4946-9675-CF5628D59396}
	EndGlobalSection
EndGlobal
